
Microsoft Visual Studio Solution File, Format Version 12.00
Project("{FAE04EC0-301F-11D3-BF4B-00C04F79EFBC}") = "Backend.Core", "Backend.Core\Backend.Core.csproj", "{165B2462-5D68-46CB-A56C-70DD2397FB4A}"
EndProject
Project("{FAE04EC0-301F-11D3-BF4B-00C04F79EFBC}") = "Backend.Api", "Backend.Api\Backend.Api.csproj", "{37BC8493-AE9D-4879-8CB5-3B9479596874}"
EndProject
Global
	GlobalSection(SolutionConfigurationPlatforms) = preSolution
		Debug|Any CPU = Debug|Any CPU
		Release|Any CPU = Release|Any CPU
	EndGlobalSection
	GlobalSection(ProjectConfigurationPlatforms) = postSolution
		{165B2462-5D68-46CB-A56C-70DD2397FB4A}.Debug|Any CPU.ActiveCfg = Debug|Any CPU
		{165B2462-5D68-46CB-A56C-70DD2397FB4A}.Debug|Any CPU.Build.0 = Debug|Any CPU
		{165B2462-5D68-46CB-A56C-70DD2397FB4A}.Release|Any CPU.ActiveCfg = Release|Any CPU
		{165B2462-5D68-46CB-A56C-70DD2397FB4A}.Release|Any CPU.Build.0 = Release|Any CPU
		{37BC8493-AE9D-4879-8CB5-3B9479596874}.Debug|Any CPU.ActiveCfg = Debug|Any CPU
		{37BC8493-AE9D-4879-8CB5-3B9479596874}.Debug|Any CPU.Build.0 = Debug|Any CPU
		{37BC8493-AE9D-4879-8CB5-3B9479596874}.Release|Any CPU.ActiveCfg = Release|Any CPU
		{37BC8493-AE9D-4879-8CB5-3B9479596874}.Release|Any CPU.Build.0 = Release|Any CPU
	EndGlobalSection
EndGlobal
